
Microsoft Visual Studio Solution File, Format Version 12.00
# Visual Studio 2013
VisualStudioVersion = 12.0.0.0
MinimumVisualStudioVersion = 10.0.0.1
Project("{FAE04EC0-301F-11D3-BF4B-00C04F79EFBC}") = "ClientMasterScratch", "ClientMasterScratch\ClientMasterScratch.csproj", "{8961DF1E-E267-477A-9877-791AE75381E7}"
EndProject
Project("{FAE04EC0-301F-11D3-BF4B-00C04F79EFBC}") = "Nest", "..\..\net-master\src\Nest\Nest.csproj", "{DE6B9AD8-B455-4A4F-8D54-2DB49A1A6AB6}"
EndProject
Project("{FAE04EC0-301F-11D3-BF4B-00C04F79EFBC}") = "Elasticsearch.Net", "..\..\net-master\src\Elasticsearch.Net\Elasticsearch.Net.csproj", "{0398EBDF-2375-448E-B295-8FB199010AB9}"
EndProject
Global
	GlobalSection(SolutionConfigurationPlatforms) = preSolution
		Debug|Any CPU = Debug|Any CPU
		Release|Any CPU = Release|Any CPU
	EndGlobalSection
	GlobalSection(ProjectConfigurationPlatforms) = postSolution
		{8961DF1E-E267-477A-9877-791AE75381E7}.Debug|Any CPU.ActiveCfg = Debug|Any CPU
		{8961DF1E-E267-477A-9877-791AE75381E7}.Debug|Any CPU.Build.0 = Debug|Any CPU
		{8961DF1E-E267-477A-9877-791AE75381E7}.Release|Any CPU.ActiveCfg = Release|Any CPU
		{8961DF1E-E267-477A-9877-791AE75381E7}.Release|Any CPU.Build.0 = Release|Any CPU
		{DE6B9AD8-B455-4A4F-8D54-2DB49A1A6AB6}.Debug|Any CPU.ActiveCfg = Debug|Any CPU
		{DE6B9AD8-B455-4A4F-8D54-2DB49A1A6AB6}.Debug|Any CPU.Build.0 = Debug|Any CPU
		{DE6B9AD8-B455-4A4F-8D54-2DB49A1A6AB6}.Release|Any CPU.ActiveCfg = Release|Any CPU
		{DE6B9AD8-B455-4A4F-8D54-2DB49A1A6AB6}.Release|Any CPU.Build.0 = Release|Any CPU
		{0398EBDF-2375-448E-B295-8FB199010AB9}.Debug|Any CPU.ActiveCfg = Debug|Any CPU
		{0398EBDF-2375-448E-B295-8FB199010AB9}.Debug|Any CPU.Build.0 = Debug|Any CPU
		{0398EBDF-2375-448E-B295-8FB199010AB9}.Release|Any CPU.ActiveCfg = Release|Any CPU
		{0398EBDF-2375-448E-B295-8FB199010AB9}.Release|Any CPU.Build.0 = Release|Any CPU
	EndGlobalSection
	GlobalSection(SolutionProperties) = preSolution
		HideSolutionNode = FALSE
	EndGlobalSection
EndGlobal
